# THIS IS A GENERATED FILE. DO NOT EDIT THIS FILE DIRECTLY.
# yarn lockfile v1

expo@~54.0.0:
  version "54.0.0"
  resolved "https://registry.yarnpkg.com/expo/-/expo-54.0.0.tgz"

react@18.2.0:
  version "18.2.0"
  resolved "https://registry.yarnpkg.com/react/-/react-18.2.0.tgz"

react-native@0.73.6:
  version "0.73.6"
  resolved "https://registry.yarnpkg.com/react-native/-/react-native-0.73.6.tgz"

expo-status-bar@~1.12.1:
  version "1.12.1"
  resolved "https://registry.yarnpkg.com/expo-status-bar/-/expo-status-bar-1.12.1.tgz"
